
Microsoft Visual Studio Solution File, Format Version 12.00
# Visual Studio Version 16
VisualStudioVersion = 16.0.31205.134
MinimumVisualStudioVersion = 10.0.40219.1
Project("{9A19103F-16F7-4668-BE54-9A1E7A4F7556}") = "Bank", "Bank\Bank.csproj", "{56F8E71C-801C-427E-9D00-CEC5251EBF48}"
EndProject
Project("{FAE04EC0-301F-11D3-BF4B-00C04F79EFBC}") = "BankTests", "BankTests\BankTests.csproj", "{3A975869-8F15-4CFB-BC5C-D60EA25C994A}"
EndProject
Global
	GlobalSection(SolutionConfigurationPlatforms) = preSolution
		Debug|Any CPU = Debug|Any CPU
		Release|Any CPU = Release|Any CPU
	EndGlobalSection
	GlobalSection(ProjectConfigurationPlatforms) = postSolution
		{56F8E71C-801C-427E-9D00-CEC5251EBF48}.Debug|Any CPU.ActiveCfg = Debug|Any CPU
		{56F8E71C-801C-427E-9D00-CEC5251EBF48}.Debug|Any CPU.Build.0 = Debug|Any CPU
		{56F8E71C-801C-427E-9D00-CEC5251EBF48}.Release|Any CPU.ActiveCfg = Release|Any CPU
		{56F8E71C-801C-427E-9D00-CEC5251EBF48}.Release|Any CPU.Build.0 = Release|Any CPU
		{3A975869-8F15-4CFB-BC5C-D60EA25C994A}.Debug|Any CPU.ActiveCfg = Debug|Any CPU
		{3A975869-8F15-4CFB-BC5C-D60EA25C994A}.Debug|Any CPU.Build.0 = Debug|Any CPU
		{3A975869-8F15-4CFB-BC5C-D60EA25C994A}.Release|Any CPU.ActiveCfg = Release|Any CPU
		{3A975869-8F15-4CFB-BC5C-D60EA25C994A}.Release|Any CPU.Build.0 = Release|Any CPU
	EndGlobalSection
	GlobalSection(SolutionProperties) = preSolution
		HideSolutionNode = FALSE
	EndGlobalSection
	GlobalSection(ExtensibilityGlobals) = postSolution
		SolutionGuid = {7F55AA8F-AA47-4CA4-9CCA-6EF80CCB346B}
	EndGlobalSection
EndGlobal
